
Microsoft Visual Studio Solution File, Format Version 12.00
Project("{FAE04EC0-301F-11D3-BF4B-00C04F79EFBC}") = "TestApp", "TestApp\TestApp.csproj", "{7E36BDAD-DD3E-4990-B287-FF9A9A61CD93}"
EndProject
Project("{FAE04EC0-301F-11D3-BF4B-00C04F79EFBC}") = "StringCheckerTests", "StringCheckerTests\StringCheckerTests.csproj", "{67E669A5-4203-46D4-BA75-07C4867FC64F}"
EndProject
Global
	GlobalSection(SolutionConfigurationPlatforms) = preSolution
		Debug|Any CPU = Debug|Any CPU
		Release|Any CPU = Release|Any CPU
	EndGlobalSection
	GlobalSection(ProjectConfigurationPlatforms) = postSolution
		{7E36BDAD-DD3E-4990-B287-FF9A9A61CD93}.Debug|Any CPU.ActiveCfg = Debug|Any CPU
		{7E36BDAD-DD3E-4990-B287-FF9A9A61CD93}.Debug|Any CPU.Build.0 = Debug|Any CPU
		{7E36BDAD-DD3E-4990-B287-FF9A9A61CD93}.Release|Any CPU.ActiveCfg = Release|Any CPU
		{7E36BDAD-DD3E-4990-B287-FF9A9A61CD93}.Release|Any CPU.Build.0 = Release|Any CPU
		{67E669A5-4203-46D4-BA75-07C4867FC64F}.Debug|Any CPU.ActiveCfg = Debug|Any CPU
		{67E669A5-4203-46D4-BA75-07C4867FC64F}.Debug|Any CPU.Build.0 = Debug|Any CPU
		{67E669A5-4203-46D4-BA75-07C4867FC64F}.Release|Any CPU.ActiveCfg = Release|Any CPU
		{67E669A5-4203-46D4-BA75-07C4867FC64F}.Release|Any CPU.Build.0 = Release|Any CPU
	EndGlobalSection
EndGlobal
